
Microsoft Visual Studio Solution File, Format Version 12.00
# Visual Studio Version 16
VisualStudioVersion = 16.0.31321.278
MinimumVisualStudioVersion = 10.0.40219.1
Project("{FAE04EC0-301F-11D3-BF4B-00C04F79EFBC}") = "PlayerSoft.Contracts", "PlayerSoft.Contracts\PlayerSoft.Contracts.csproj", "{3AFB5FDA-4B8A-4344-B507-64F50F96C552}"
EndProject
Global
	GlobalSection(SolutionConfigurationPlatforms) = preSolution
		Debug|Any CPU = Debug|Any CPU
		Release|Any CPU = Release|Any CPU
	EndGlobalSection
	GlobalSection(ProjectConfigurationPlatforms) = postSolution
		{3AFB5FDA-4B8A-4344-B507-64F50F96C552}.Debug|Any CPU.ActiveCfg = Debug|Any CPU
		{3AFB5FDA-4B8A-4344-B507-64F50F96C552}.Debug|Any CPU.Build.0 = Debug|Any CPU
		{3AFB5FDA-4B8A-4344-B507-64F50F96C552}.Release|Any CPU.ActiveCfg = Release|Any CPU
		{3AFB5FDA-4B8A-4344-B507-64F50F96C552}.Release|Any CPU.Build.0 = Release|Any CPU
	EndGlobalSection
	GlobalSection(SolutionProperties) = preSolution
		HideSolutionNode = FALSE
	EndGlobalSection
	GlobalSection(ExtensibilityGlobals) = postSolution
		SolutionGuid = {E807CF45-D4B9-47D9-914A-CC726C165DD1}
	EndGlobalSection
EndGlobal
